
Microsoft Visual Studio Solution File, Format Version 12.00
# Visual Studio Version 16
VisualStudioVersion = 16.0.30309.148
MinimumVisualStudioVersion = 10.0.40219.1
Project("{FAE04EC0-301F-11D3-BF4B-00C04F79EFBC}") = "blitz-app-adblock", "blitz-app-adblock\blitz-app-adblock.csproj", "{C5F0A34E-8C17-4C1B-8D9A-5FBF191D760D}"
EndProject
Project("{FAE04EC0-301F-11D3-BF4B-00C04F79EFBC}") = "Blitz-Patcher", "Blitz-Patcher\Blitz-Patcher.csproj", "{67E07EB5-DE30-427F-BBC8-2025FE03B1D2}"
EndProject
Global
	GlobalSection(SolutionConfigurationPlatforms) = preSolution
		Debug|Any CPU = Debug|Any CPU
		Release|Any CPU = Release|Any CPU
	EndGlobalSection
	GlobalSection(ProjectConfigurationPlatforms) = postSolution
		{C5F0A34E-8C17-4C1B-8D9A-5FBF191D760D}.Debug|Any CPU.ActiveCfg = Debug|Any CPU
		{C5F0A34E-8C17-4C1B-8D9A-5FBF191D760D}.Debug|Any CPU.Build.0 = Debug|Any CPU
		{C5F0A34E-8C17-4C1B-8D9A-5FBF191D760D}.Release|Any CPU.ActiveCfg = Release|Any CPU
		{C5F0A34E-8C17-4C1B-8D9A-5FBF191D760D}.Release|Any CPU.Build.0 = Release|Any CPU
		{67E07EB5-DE30-427F-BBC8-2025FE03B1D2}.Debug|Any CPU.ActiveCfg = Debug|Any CPU
		{67E07EB5-DE30-427F-BBC8-2025FE03B1D2}.Debug|Any CPU.Build.0 = Debug|Any CPU
		{67E07EB5-DE30-427F-BBC8-2025FE03B1D2}.Release|Any CPU.ActiveCfg = Release|Any CPU
		{67E07EB5-DE30-427F-BBC8-2025FE03B1D2}.Release|Any CPU.Build.0 = Release|Any CPU
	EndGlobalSection
	GlobalSection(SolutionProperties) = preSolution
		HideSolutionNode = FALSE
	EndGlobalSection
	GlobalSection(ExtensibilityGlobals) = postSolution
		SolutionGuid = {D90B29E2-DC55-40B3-95E8-BA80C2C15758}
	EndGlobalSection
EndGlobal
